
Microsoft Visual Studio Solution File, Format Version 12.00
# Visual Studio Version 17
VisualStudioVersion = 17.3.32804.467
MinimumVisualStudioVersion = 10.0.40219.1
Project("{FAE04EC0-301F-11D3-BF4B-00C04F79EFBC}") = "ListApplication", "ListApplication\ListApplication.csproj", "{7331C172-2810-4082-BC87-10E04AA04C18}"
EndProject
Global
	GlobalSection(SolutionConfigurationPlatforms) = preSolution
		Debug|Any CPU = Debug|Any CPU
		Release|Any CPU = Release|Any CPU
	EndGlobalSection
	GlobalSection(ProjectConfigurationPlatforms) = postSolution
		{7331C172-2810-4082-BC87-10E04AA04C18}.Debug|Any CPU.ActiveCfg = Debug|Any CPU
		{7331C172-2810-4082-BC87-10E04AA04C18}.Debug|Any CPU.Build.0 = Debug|Any CPU
		{7331C172-2810-4082-BC87-10E04AA04C18}.Release|Any CPU.ActiveCfg = Release|Any CPU
		{7331C172-2810-4082-BC87-10E04AA04C18}.Release|Any CPU.Build.0 = Release|Any CPU
	EndGlobalSection
	GlobalSection(SolutionProperties) = preSolution
		HideSolutionNode = FALSE
	EndGlobalSection
	GlobalSection(ExtensibilityGlobals) = postSolution
		SolutionGuid = {FC4E6077-468E-46F0-97FC-8F15B916A285}
	EndGlobalSection
EndGlobal
